Microsoft Visual Studio Solution File, Format Version 12.00
# Visual Studio Version 17
VisualStudioVersion = 17.5.2.0
MinimumVisualStudioVersion = 10.0.40219.1
Project("{FAE04EC0-301F-11D3-BF4B-00C04F79EFBC}") = "MauiVerifyApp", "MauiVerifyApp\MauiVerifyApp.csproj", "{7D2CFF2B-2981-2CCF-57E3-0E5A889393FE}"
EndProject
Global
	GlobalSection(SolutionConfigurationPlatforms) = preSolution
		Debug|Any CPU = Debug|Any CPU
		Release|Any CPU = Release|Any CPU
	EndGlobalSection
	GlobalSection(ProjectConfigurationPlatforms) = postSolution
		{7D2CFF2B-2981-2CCF-57E3-0E5A889393FE}.Debug|Any CPU.ActiveCfg = Debug|Any CPU
		{7D2CFF2B-2981-2CCF-57E3-0E5A889393FE}.Debug|Any CPU.Build.0 = Debug|Any CPU
		{7D2CFF2B-2981-2CCF-57E3-0E5A889393FE}.Release|Any CPU.ActiveCfg = Release|Any CPU
		{7D2CFF2B-2981-2CCF-57E3-0E5A889393FE}.Release|Any CPU.Build.0 = Release|Any CPU
	EndGlobalSection
	GlobalSection(SolutionProperties) = preSolution
		HideSolutionNode = FALSE
	EndGlobalSection
	GlobalSection(ExtensibilityGlobals) = postSolution
		SolutionGuid = {571195E7-4483-49F2-9E19-40CF53EA9B20}
	EndGlobalSection
EndGlobal
